
Microsoft Visual Studio Solution File, Format Version 12.00
# Visual Studio Version 17
VisualStudioVersion = 17.8.34525.116
MinimumVisualStudioVersion = 10.0.40219.1
Project("{FAE04EC0-301F-11D3-BF4B-00C04F79EFBC}") = "Workshop_Orai_5_Client", "Workshop_Orai_5_Client\Workshop_Orai_5_Client.csproj", "{F6315359-6FEA-44B1-A5B0-EC0A073BD413}"
EndProject
Project("{FAE04EC0-301F-11D3-BF4B-00C04F79EFBC}") = "Workshop_Orai_5_Backend", "Workshop_Orai_5_Backend\Workshop_Orai_5_Backend.csproj", "{EDDD7CB9-871E-48DC-AF32-F8E9817FFEB1}"
EndProject
Global
	GlobalSection(SolutionConfigurationPlatforms) = preSolution
		Debug|Any CPU = Debug|Any CPU
		Release|Any CPU = Release|Any CPU
	EndGlobalSection
	GlobalSection(ProjectConfigurationPlatforms) = postSolution
		{F6315359-6FEA-44B1-A5B0-EC0A073BD413}.Debug|Any CPU.ActiveCfg = Debug|Any CPU
		{F6315359-6FEA-44B1-A5B0-EC0A073BD413}.Debug|Any CPU.Build.0 = Debug|Any CPU
		{F6315359-6FEA-44B1-A5B0-EC0A073BD413}.Release|Any CPU.ActiveCfg = Release|Any CPU
		{F6315359-6FEA-44B1-A5B0-EC0A073BD413}.Release|Any CPU.Build.0 = Release|Any CPU
		{EDDD7CB9-871E-48DC-AF32-F8E9817FFEB1}.Debug|Any CPU.ActiveCfg = Debug|Any CPU
		{EDDD7CB9-871E-48DC-AF32-F8E9817FFEB1}.Debug|Any CPU.Build.0 = Debug|Any CPU
		{EDDD7CB9-871E-48DC-AF32-F8E9817FFEB1}.Release|Any CPU.ActiveCfg = Release|Any CPU
		{EDDD7CB9-871E-48DC-AF32-F8E9817FFEB1}.Release|Any CPU.Build.0 = Release|Any CPU
	EndGlobalSection
	GlobalSection(SolutionProperties) = preSolution
		HideSolutionNode = FALSE
	EndGlobalSection
	GlobalSection(ExtensibilityGlobals) = postSolution
		SolutionGuid = {D4477987-D4F6-4F05-B478-D79DCBD001A3}
	EndGlobalSection
EndGlobal
